
Microsoft Visual Studio Solution File, Format Version 12.00
# Visual Studio Version 17
VisualStudioVersion = 17.10.35122.118
MinimumVisualStudioVersion = 10.0.40219.1
Project("{FAE04EC0-301F-11D3-BF4B-00C04F79EFBC}") = "Streaming.API", "Streaming.API\Streaming.API.csproj", "{14CD12DE-D953-41BE-880D-008B07218FB9}"
EndProject
Global
	GlobalSection(SolutionConfigurationPlatforms) = preSolution
		Debug|Any CPU = Debug|Any CPU
		Release|Any CPU = Release|Any CPU
	EndGlobalSection
	GlobalSection(ProjectConfigurationPlatforms) = postSolution
		{14CD12DE-D953-41BE-880D-008B07218FB9}.Debug|Any CPU.ActiveCfg = Debug|Any CPU
		{14CD12DE-D953-41BE-880D-008B07218FB9}.Debug|Any CPU.Build.0 = Debug|Any CPU
		{14CD12DE-D953-41BE-880D-008B07218FB9}.Release|Any CPU.ActiveCfg = Release|Any CPU
		{14CD12DE-D953-41BE-880D-008B07218FB9}.Release|Any CPU.Build.0 = Release|Any CPU
	EndGlobalSection
	GlobalSection(SolutionProperties) = preSolution
		HideSolutionNode = FALSE
	EndGlobalSection
	GlobalSection(ExtensibilityGlobals) = postSolution
		SolutionGuid = {7CEB4B90-41CD-4ADD-8A29-9A6074B80C96}
	EndGlobalSection
EndGlobal
